
Microsoft Visual Studio Solution File, Format Version 12.00
# Visual Studio 15
VisualStudioVersion = 15.0.28307.421
MinimumVisualStudioVersion = 10.0.40219.1
Project("{FAE04EC0-301F-11D3-BF4B-00C04F79EFBC}") = "Interface 2", "Interface 2\Interface 2.csproj", "{478282B5-A25B-4B6C-807C-2B4269521E9F}"
EndProject
Global
	GlobalSection(SolutionConfigurationPlatforms) = preSolution
		Debug|Any CPU = Debug|Any CPU
		Release|Any CPU = Release|Any CPU
	EndGlobalSection
	GlobalSection(ProjectConfigurationPlatforms) = postSolution
		{478282B5-A25B-4B6C-807C-2B4269521E9F}.Debug|Any CPU.ActiveCfg = Debug|Any CPU
		{478282B5-A25B-4B6C-807C-2B4269521E9F}.Debug|Any CPU.Build.0 = Debug|Any CPU
		{478282B5-A25B-4B6C-807C-2B4269521E9F}.Release|Any CPU.ActiveCfg = Release|Any CPU
		{478282B5-A25B-4B6C-807C-2B4269521E9F}.Release|Any CPU.Build.0 = Release|Any CPU
	EndGlobalSection
	GlobalSection(SolutionProperties) = preSolution
		HideSolutionNode = FALSE
	EndGlobalSection
	GlobalSection(ExtensibilityGlobals) = postSolution
		SolutionGuid = {1EBA764F-4EB3-4077-9F59-886A9D623583}
	EndGlobalSection
EndGlobal
